
Microsoft Visual Studio Solution File, Format Version 12.00
# Visual Studio Version 16
VisualStudioVersion = 16.0.31729.503
MinimumVisualStudioVersion = 10.0.40219.1
Project("{FAE04EC0-301F-11D3-BF4B-00C04F79EFBC}") = "AoC_2021", "AoC_2021\AoC_2021.csproj", "{35070B66-63D6-444E-B281-2A09F6135861}"
EndProject
Global
	GlobalSection(SolutionConfigurationPlatforms) = preSolution
		Debug|Any CPU = Debug|Any CPU
		Release|Any CPU = Release|Any CPU
	EndGlobalSection
	GlobalSection(ProjectConfigurationPlatforms) = postSolution
		{35070B66-63D6-444E-B281-2A09F6135861}.Debug|Any CPU.ActiveCfg = Debug|Any CPU
		{35070B66-63D6-444E-B281-2A09F6135861}.Debug|Any CPU.Build.0 = Debug|Any CPU
		{35070B66-63D6-444E-B281-2A09F6135861}.Release|Any CPU.ActiveCfg = Release|Any CPU
		{35070B66-63D6-444E-B281-2A09F6135861}.Release|Any CPU.Build.0 = Release|Any CPU
	EndGlobalSection
	GlobalSection(SolutionProperties) = preSolution
		HideSolutionNode = FALSE
	EndGlobalSection
	GlobalSection(ExtensibilityGlobals) = postSolution
		SolutionGuid = {4ADB8A00-585F-4CB9-879A-D6AFB649611F}
	EndGlobalSection
EndGlobal
